
Microsoft Visual Studio Solution File, Format Version 12.00
# Visual Studio 15
VisualStudioVersion = 15.0.27428.2043
MinimumVisualStudioVersion = 10.0.40219.1
Project("{9A19103F-16F7-4668-BE54-9A1E7A4F7556}") = "SafeBlock.io", "SafeBlock.io\SafeBlock.io.csproj", "{778CE15A-6300-4BCA-BC28-00452822787C}"
EndProject
Global
	GlobalSection(SolutionConfigurationPlatforms) = preSolution
		Debug|Any CPU = Debug|Any CPU
		Release|Any CPU = Release|Any CPU
	EndGlobalSection
	GlobalSection(ProjectConfigurationPlatforms) = postSolution
		{778CE15A-6300-4BCA-BC28-00452822787C}.Debug|Any CPU.ActiveCfg = Debug|Any CPU
		{778CE15A-6300-4BCA-BC28-00452822787C}.Debug|Any CPU.Build.0 = Debug|Any CPU
		{778CE15A-6300-4BCA-BC28-00452822787C}.Release|Any CPU.ActiveCfg = Release|Any CPU
		{778CE15A-6300-4BCA-BC28-00452822787C}.Release|Any CPU.Build.0 = Release|Any CPU
	EndGlobalSection
	GlobalSection(SolutionProperties) = preSolution
		HideSolutionNode = FALSE
	EndGlobalSection
	GlobalSection(ExtensibilityGlobals) = postSolution
		SolutionGuid = {BCFD74A5-E9E7-45E6-8CE2-EB671BA5CFF6}
	EndGlobalSection
EndGlobal
